
Microsoft Visual Studio Solution File, Format Version 12.00
# Visual Studio 15
VisualStudioVersion = 15.0.27703.2018
MinimumVisualStudioVersion = 10.0.40219.1
Project("{9A19103F-16F7-4668-BE54-9A1E7A4F7556}") = "BoxViewClock", "BoxViewClock\BoxViewClock\BoxViewClock.csproj", "{F16B3695-47A5-4943-AF1E-3551FC36DE4C}"
EndProject
Project("{FAE04EC0-301F-11D3-BF4B-00C04F79EFBC}") = "BoxViewClock.WPF", "BoxViewClock.WPF\BoxViewClock.WPF.csproj", "{EB2195A3-11A2-471D-9B8E-6AD1833FCF52}"
EndProject
Global
	GlobalSection(SolutionConfigurationPlatforms) = preSolution
		Ad-Hoc|Any CPU = Ad-Hoc|Any CPU
		Ad-Hoc|ARM = Ad-Hoc|ARM
		Ad-Hoc|iPhone = Ad-Hoc|iPhone
		Ad-Hoc|iPhoneSimulator = Ad-Hoc|iPhoneSimulator
		Ad-Hoc|x64 = Ad-Hoc|x64
		Ad-Hoc|x86 = Ad-Hoc|x86
		AppStore|Any CPU = AppStore|Any CPU
		AppStore|ARM = AppStore|ARM
		AppStore|iPhone = AppStore|iPhone
		AppStore|iPhoneSimulator = AppStore|iPhoneSimulator
		AppStore|x64 = AppStore|x64
		AppStore|x86 = AppStore|x86
		Debug|Any CPU = Debug|Any CPU
		Debug|ARM = Debug|ARM
		Debug|iPhone = Debug|iPhone
		Debug|iPhoneSimulator = Debug|iPhoneSimulator
		Debug|x64 = Debug|x64
		Debug|x86 = Debug|x86
		Release|Any CPU = Release|Any CPU
		Release|ARM = Release|ARM
		Release|iPhone = Release|iPhone
		Release|iPhoneSimulator = Release|iPhoneSimulator
		Release|x64 = Release|x64
		Release|x86 = Release|x86
	EndGlobalSection
	GlobalSection(ProjectConfigurationPlatforms) = postSolution
		{F16B3695-47A5-4943-AF1E-3551FC36DE4C}.Ad-Hoc|Any CPU.ActiveCfg = Release|Any CPU
		{F16B3695-47A5-4943-AF1E-3551FC36DE4C}.Ad-Hoc|Any CPU.Build.0 = Release|Any CPU
		{F16B3695-47A5-4943-AF1E-3551FC36DE4C}.Ad-Hoc|ARM.ActiveCfg = Release|Any CPU
		{F16B3695-47A5-4943-AF1E-3551FC36DE4C}.Ad-Hoc|ARM.Build.0 = Release|Any CPU
		{F16B3695-47A5-4943-AF1E-3551FC36DE4C}.Ad-Hoc|iPhone.ActiveCfg = Release|Any CPU
		{F16B3695-47A5-4943-AF1E-3551FC36DE4C}.Ad-Hoc|iPhone.Build.0 = Release|Any CPU
		{F16B3695-47A5-4943-AF1E-3551FC36DE4C}.Ad-Hoc|iPhoneSimulator.ActiveCfg = Release|Any CPU
		{F16B3695-47A5-4943-AF1E-3551FC36DE4C}.Ad-Hoc|iPhoneSimulator.Build.0 = Release|Any CPU
		{F16B3695-47A5-4943-AF1E-3551FC36DE4C}.Ad-Hoc|x64.ActiveCfg = Release|Any CPU
		{F16B3695-47A5-4943-AF1E-3551FC36DE4C}.Ad-Hoc|x64.Build.0 = Release|Any CPU
		{F16B3695-47A5-4943-AF1E-3551FC36DE4C}.Ad-Hoc|x86.ActiveCfg = Release|Any CPU
		{F16B3695-47A5-4943-AF1E-3551FC36DE4C}.Ad-Hoc|x86.Build.0 = Release|Any CPU
		{F16B3695-47A5-4943-AF1E-3551FC36DE4C}.AppStore|Any CPU.ActiveCfg = Release|Any CPU
		{F16B3695-47A5-4943-AF1E-3551FC36DE4C}.AppStore|Any CPU.Build.0 = Release|Any CPU
		{F16B3695-47A5-4943-AF1E-3551FC36DE4C}.AppStore|ARM.ActiveCfg = Release|Any CPU
		{F16B3695-47A5-4943-AF1E-3551FC36DE4C}.AppStore|ARM.Build.0 = Release|Any CPU
		{F16B3695-47A5-4943-AF1E-3551FC36DE4C}.AppStore|iPhone.ActiveCfg = Release|Any CPU
		{F16B3695-47A5-4943-AF1E-3551FC36DE4C}.AppStore|iPhone.Build.0 = Release|Any CPU
		{F16B3695-47A5-4943-AF1E-3551FC36DE4C}.AppStore|iPhoneSimulator.ActiveCfg = Release|Any CPU
		{F16B3695-47A5-4943-AF1E-3551FC36DE4C}.AppStore|iPhoneSimulator.Build.0 = Release|Any CPU
		{F16B3695-47A5-4943-AF1E-3551FC36DE4C}.AppStore|x64.ActiveCfg = Release|Any CPU
		{F16B3695-47A5-4943-AF1E-3551FC36DE4C}.AppStore|x64.Build.0 = Release|Any CPU
		{F16B3695-47A5-4943-AF1E-3551FC36DE4C}.AppStore|x86.ActiveCfg = Release|Any CPU
		{F16B3695-47A5-4943-AF1E-3551FC36DE4C}.AppStore|x86.Build.0 = Release|Any CPU
		{F16B3695-47A5-4943-AF1E-3551FC36DE4C}.Debug|Any CPU.ActiveCfg = Debug|Any CPU
		{F16B3695-47A5-4943-AF1E-3551FC36DE4C}.Debug|Any CPU.Build.0 = Debug|Any CPU
		{F16B3695-47A5-4943-AF1E-3551FC36DE4C}.Debug|ARM.ActiveCfg = Debug|Any CPU
		{F16B3695-47A5-4943-AF1E-3551FC36DE4C}.Debug|ARM.Build.0 = Debug|Any CPU
		{F16B3695-47A5-4943-AF1E-3551FC36DE4C}.Debug|iPhone.ActiveCfg = Debug|Any CPU
		{F16B3695-47A5-4943-AF1E-3551FC36DE4C}.Debug|iPhone.Build.0 = Debug|Any CPU
		{F16B3695-47A5-4943-AF1E-3551FC36DE4C}.Debug|iPhoneSimulator.ActiveCfg = Debug|Any CPU
		{F16B3695-47A5-4943-AF1E-3551FC36DE4C}.Debug|iPhoneSimulator.Build.0 = Debug|Any CPU
		{F16B3695-47A5-4943-AF1E-3551FC36DE4C}.Debug|x64.ActiveCfg = Debug|Any CPU
		{F16B3695-47A5-4943-AF1E-3551FC36DE4C}.Debug|x64.Build.0 = Debug|Any CPU
		{F16B3695-47A5-4943-AF1E-3551FC36DE4C}.Debug|x86.ActiveCfg = Debug|Any CPU
		{F16B3695-47A5-4943-AF1E-3551FC36DE4C}.Debug|x86.Build.0 = Debug|Any CPU
		{F16B3695-47A5-4943-AF1E-3551FC36DE4C}.Release|Any CPU.ActiveCfg = Release|Any CPU
		{F16B3695-47A5-4943-AF1E-3551FC36DE4C}.Release|Any CPU.Build.0 = Release|Any CPU
		{F16B3695-47A5-4943-AF1E-3551FC36DE4C}.Release|ARM.ActiveCfg = Release|Any CPU
		{F16B3695-47A5-4943-AF1E-3551FC36DE4C}.Release|ARM.Build.0 = Release|Any CPU
		{F16B3695-47A5-4943-AF1E-3551FC36DE4C}.Release|iPhone.ActiveCfg = Release|Any CPU
		{F16B3695-47A5-4943-AF1E-3551FC36DE4C}.Release|iPhone.Build.0 = Release|Any CPU
		{F16B3695-47A5-4943-AF1E-3551FC36DE4C}.Release|iPhoneSimulator.ActiveCfg = Release|Any CPU
		{F16B3695-47A5-4943-AF1E-3551FC36DE4C}.Release|iPhoneSimulator.Build.0 = Release|Any CPU
		{F16B3695-47A5-4943-AF1E-3551FC36DE4C}.Release|x64.ActiveCfg = Release|Any CPU
		{F16B3695-47A5-4943-AF1E-3551FC36DE4C}.Release|x64.Build.0 = Release|Any CPU
		{F16B3695-47A5-4943-AF1E-3551FC36DE4C}.Release|x86.ActiveCfg = Release|Any CPU
		{F16B3695-47A5-4943-AF1E-3551FC36DE4C}.Release|x86.Build.0 = Release|Any CPU
		{EB2195A3-11A2-471D-9B8E-6AD1833FCF52}.Ad-Hoc|Any CPU.ActiveCfg = Release|Any CPU
		{EB2195A3-11A2-471D-9B8E-6AD1833FCF52}.Ad-Hoc|Any CPU.Build.0 = Release|Any CPU
		{EB2195A3-11A2-471D-9B8E-6AD1833FCF52}.Ad-Hoc|ARM.ActiveCfg = Release|Any CPU
		{EB2195A3-11A2-471D-9B8E-6AD1833FCF52}.Ad-Hoc|ARM.Build.0 = Release|Any CPU
		{EB2195A3-11A2-471D-9B8E-6AD1833FCF52}.Ad-Hoc|iPhone.ActiveCfg = Release|Any CPU
		{EB2195A3-11A2-471D-9B8E-6AD1833FCF52}.Ad-Hoc|iPhone.Build.0 = Release|Any CPU
		{EB2195A3-11A2-471D-9B8E-6AD1833FCF52}.Ad-Hoc|iPhoneSimulator.ActiveCfg = Release|Any CPU
		{EB2195A3-11A2-471D-9B8E-6AD1833FCF52}.Ad-Hoc|iPhoneSimulator.Build.0 = Release|Any CPU
		{EB2195A3-11A2-471D-9B8E-6AD1833FCF52}.Ad-Hoc|x64.ActiveCfg = Release|Any CPU
		{EB2195A3-11A2-471D-9B8E-6AD1833FCF52}.Ad-Hoc|x64.Build.0 = Release|Any CPU
		{EB2195A3-11A2-471D-9B8E-6AD1833FCF52}.Ad-Hoc|x86.ActiveCfg = Release|Any CPU
		{EB2195A3-11A2-471D-9B8E-6AD1833FCF52}.Ad-Hoc|x86.Build.0 = Release|Any CPU
		{EB2195A3-11A2-471D-9B8E-6AD1833FCF52}.AppStore|Any CPU.ActiveCfg = Release|Any CPU
		{EB2195A3-11A2-471D-9B8E-6AD1833FCF52}.AppStore|Any CPU.Build.0 = Release|Any CPU
		{EB2195A3-11A2-471D-9B8E-6AD1833FCF52}.AppStore|ARM.ActiveCfg = Release|Any CPU
		{EB2195A3-11A2-471D-9B8E-6AD1833FCF52}.AppStore|ARM.Build.0 = Release|Any CPU
		{EB2195A3-11A2-471D-9B8E-6AD1833FCF52}.AppStore|iPhone.ActiveCfg = Release|Any CPU
		{EB2195A3-11A2-471D-9B8E-6AD1833FCF52}.AppStore|iPhone.Build.0 = Release|Any CPU
		{EB2195A3-11A2-471D-9B8E-6AD1833FCF52}.AppStore|iPhoneSimulator.ActiveCfg = Release|Any CPU
		{EB2195A3-11A2-471D-9B8E-6AD1833FCF52}.AppStore|iPhoneSimulator.Build.0 = Release|Any CPU
		{EB2195A3-11A2-471D-9B8E-6AD1833FCF52}.AppStore|x64.ActiveCfg = Release|Any CPU
		{EB2195A3-11A2-471D-9B8E-6AD1833FCF52}.AppStore|x64.Build.0 = Release|Any CPU
		{EB2195A3-11A2-471D-9B8E-6AD1833FCF52}.AppStore|x86.ActiveCfg = Release|Any CPU
		{EB2195A3-11A2-471D-9B8E-6AD1833FCF52}.AppStore|x86.Build.0 = Release|Any CPU
		{EB2195A3-11A2-471D-9B8E-6AD1833FCF52}.Debug|Any CPU.ActiveCfg = Debug|Any CPU
		{EB2195A3-11A2-471D-9B8E-6AD1833FCF52}.Debug|Any CPU.Build.0 = Debug|Any CPU
		{EB2195A3-11A2-471D-9B8E-6AD1833FCF52}.Debug|ARM.ActiveCfg = Debug|Any CPU
		{EB2195A3-11A2-471D-9B8E-6AD1833FCF52}.Debug|ARM.Build.0 = Debug|Any CPU
		{EB2195A3-11A2-471D-9B8E-6AD1833FCF52}.Debug|iPhone.ActiveCfg = Debug|Any CPU
		{EB2195A3-11A2-471D-9B8E-6AD1833FCF52}.Debug|iPhone.Build.0 = Debug|Any CPU
		{EB2195A3-11A2-471D-9B8E-6AD1833FCF52}.Debug|iPhoneSimulator.ActiveCfg = Debug|Any CPU
		{EB2195A3-11A2-471D-9B8E-6AD1833FCF52}.Debug|iPhoneSimulator.Build.0 = Debug|Any CPU
		{EB2195A3-11A2-471D-9B8E-6AD1833FCF52}.Debug|x64.ActiveCfg = Debug|Any CPU
		{EB2195A3-11A2-471D-9B8E-6AD1833FCF52}.Debug|x64.Build.0 = Debug|Any CPU
		{EB2195A3-11A2-471D-9B8E-6AD1833FCF52}.Debug|x86.ActiveCfg = Debug|Any CPU
		{EB2195A3-11A2-471D-9B8E-6AD1833FCF52}.Debug|x86.Build.0 = Debug|Any CPU
		{EB2195A3-11A2-471D-9B8E-6AD1833FCF52}.Release|Any CPU.ActiveCfg = Release|Any CPU
		{EB2195A3-11A2-471D-9B8E-6AD1833FCF52}.Release|Any CPU.Build.0 = Release|Any CPU
		{EB2195A3-11A2-471D-9B8E-6AD1833FCF52}.Release|ARM.ActiveCfg = Release|Any CPU
		{EB2195A3-11A2-471D-9B8E-6AD1833FCF52}.Release|ARM.Build.0 = Release|Any CPU
		{EB2195A3-11A2-471D-9B8E-6AD1833FCF52}.Release|iPhone.ActiveCfg = Release|Any CPU
		{EB2195A3-11A2-471D-9B8E-6AD1833FCF52}.Release|iPhone.Build.0 = Release|Any CPU
		{EB2195A3-11A2-471D-9B8E-6AD1833FCF52}.Release|iPhoneSimulator.ActiveCfg = Release|Any CPU
		{EB2195A3-11A2-471D-9B8E-6AD1833FCF52}.Release|iPhoneSimulator.Build.0 = Release|Any CPU
		{EB2195A3-11A2-471D-9B8E-6AD1833FCF52}.Release|x64.ActiveCfg = Release|Any CPU
		{EB2195A3-11A2-471D-9B8E-6AD1833FCF52}.Release|x64.Build.0 = Release|Any CPU
		{EB2195A3-11A2-471D-9B8E-6AD1833FCF52}.Release|x86.ActiveCfg = Release|Any CPU
		{EB2195A3-11A2-471D-9B8E-6AD1833FCF52}.Release|x86.Build.0 = Release|Any CPU
	EndGlobalSection
	GlobalSection(SolutionProperties) = preSolution
		HideSolutionNode = FALSE
	EndGlobalSection
	GlobalSection(ExtensibilityGlobals) = postSolution
		SolutionGuid = {643AC455-7029-4E7A-B25D-9404C6558389}
	EndGlobalSection
EndGlobal
